// !$*UTF8*$!
{
	archiveVersion = 1;
	classes = {
	};
	objectVersion = 46;
	objects = {

/* Begin PBXBuildFile section */
		3A91061C1F89D7D7002374CE /* main.cpp in Sources */ = {isa = PBXBuildFile; fileRef = 3A91061B1F89D7D7002374CE /* main.cpp */; };
		3A91061E1F89D7D7002374CE /* Makefile in Sources */ = {isa = PBXBuildFile; fileRef = 3A91061D1F89D7D7002374CE /* Makefile */; };
/* End PBXBuildFile section */

/* Begin PBXFileReference section */
		3A9106181F89D7D7002374CE /* Index */ = {isa = PBXFileReference; explicitFileType = "compiled.mach-o.executable"; includeInIndex = 0; path = Index; sourceTree = BUILT_PRODUCTS_DIR; };
		3A91061B1F89D7D7002374CE /* main.cpp */ = {isa = PBXFileReference; lastKnownFileType = sourcecode.cpp.cpp; path = main.cpp; sourceTree = "<group>"; };
		3A91061D1F89D7D7002374CE /* Makefile */ = {isa = PBXFileReference; lastKnownFileType = sourcecode.make; path = Makefile; sourceTree = "<group>"; };
		3A91061F1F89D7D7002374CE /* ReadMe.txt */ = {isa = PBXFileReference; lastKnownFileType = text; path = ReadMe.txt; sourceTree = "<group>"; };
		3A9106211F89D7D7002374CE /* Sketchbook.txt */ = {isa = PBXFileReference; lastKnownFileType = text; name = Sketchbook.txt; path = Sketchbook/Sketchbook.txt; sourceTree = "<group>"; };
		3A9106231F89D7D7002374CE /* Arduino Due (Programming Port).xcconfig */ = {isa = PBXFileReference; lastKnownFileType = text.xcconfig; name = "Arduino Due (Programming Port).xcconfig"; path = "Configurations/Arduino Due (Programming Port).xcconfig"; sourceTree = "<group>"; };
		3A9106241F89D7D7002374CE /* Arduino Duemilanove.xcconfig */ = {isa = PBXFileReference; lastKnownFileType = text.xcconfig; name = "Arduino Duemilanove.xcconfig"; path = "Configurations/Arduino Duemilanove.xcconfig"; sourceTree = "<group>"; };
		3A9106251F89D7D7002374CE /* Arduino Leonardo.xcconfig */ = {isa = PBXFileReference; lastKnownFileType = text.xcconfig; name = "Arduino Leonardo.xcconfig"; path = "Configurations/Arduino Leonardo.xcconfig"; sourceTree = "<group>"; };
		3A9106261F89D7D7002374CE /* Arduino Mega 2560.xcconfig */ = {isa = PBXFileReference; lastKnownFileType = text.xcconfig; name = "Arduino Mega 2560.xcconfig"; path = "Configurations/Arduino Mega 2560.xcconfig"; sourceTree = "<group>"; };
		3A9106271F89D7D7002374CE /* Arduino Micro.xcconfig */ = {isa = PBXFileReference; lastKnownFileType = text.xcconfig; name = "Arduino Micro.xcconfig"; path = "Configurations/Arduino Micro.xcconfig"; sourceTree = "<group>"; };
		3A9106281F89D7D7002374CE /* Arduino Pro ATmega328-3.3V.xcconfig */ = {isa = PBXFileReference; lastKnownFileType = text.xcconfig; name = "Arduino Pro ATmega328-3.3V.xcconfig"; path = "Configurations/Arduino Pro ATmega328-3.3V.xcconfig"; sourceTree = "<group>"; };
		3A9106291F89D7D7002374CE /* Arduino Pro ATmega328-5V.xcconfig */ = {isa = PBXFileReference; lastKnownFileType = text.xcconfig; name = "Arduino Pro ATmega328-5V.xcconfig"; path = "Configurations/Arduino Pro ATmega328-5V.xcconfig"; sourceTree = "<group>"; };
		3A91062A1F89D7D7002374CE /* Arduino Mini ATmega168.xcconfig */ = {isa = PBXFileReference; lastKnownFileType = text.xcconfig; name = "Arduino Mini ATmega168.xcconfig"; path = "Configurations/Arduino Mini ATmega168.xcconfig"; sourceTree = "<group>"; };
		3A91062B1F89D7D7002374CE /* Arduino Mini ATmega328.xcconfig */ = {isa = PBXFileReference; lastKnownFileType = text.xcconfig; name = "Arduino Mini ATmega328.xcconfig"; path = "Configurations/Arduino Mini ATmega328.xcconfig"; sourceTree = "<group>"; };
		3A91062C1F89D7D7002374CE /* Arduino Nano ATmega168.xcconfig */ = {isa = PBXFileReference; lastKnownFileType = text.xcconfig; name = "Arduino Nano ATmega168.xcconfig"; path = "Configurations/Arduino Nano ATmega168.xcconfig"; sourceTree = "<group>"; };
		3A91062D1F89D7D7002374CE /* Arduino Nano ATmega328.xcconfig */ = {isa = PBXFileReference; lastKnownFileType = text.xcconfig; name = "Arduino Nano ATmega328.xcconfig"; path = "Configurations/Arduino Nano ATmega328.xcconfig"; sourceTree = "<group>"; };
		3A91062E1F89D7D7002374CE /* Arduino Robot Control.xcconfig */ = {isa = PBXFileReference; lastKnownFileType = text.xcconfig; name = "Arduino Robot Control.xcconfig"; path = "Configurations/Arduino Robot Control.xcconfig"; sourceTree = "<group>"; };
		3A91062F1F89D7D7002374CE /* Arduino Robot Motor.xcconfig */ = {isa = PBXFileReference; lastKnownFileType = text.xcconfig; name = "Arduino Robot Motor.xcconfig"; path = "Configurations/Arduino Robot Motor.xcconfig"; sourceTree = "<group>"; };
		3A9106301F89D7D7002374CE /* Arduino Uno.xcconfig */ = {isa = PBXFileReference; lastKnownFileType = text.xcconfig; name = "Arduino Uno.xcconfig"; path = "Configurations/Arduino Uno.xcconfig"; sourceTree = "<group>"; };
		3A9106311F89D7D7002374CE /* Arduino Yun (USB).xcconfig */ = {isa = PBXFileReference; lastKnownFileType = text.xcconfig; name = "Arduino Yun (USB).xcconfig"; path = "Configurations/Arduino Yun (USB).xcconfig"; sourceTree = "<group>"; };
		3A9106321F89D7D7002374CE /* Arduino Zero (Programming Port).xcconfig */ = {isa = PBXFileReference; lastKnownFileType = text.xcconfig; name = "Arduino Zero (Programming Port).xcconfig"; path = "Configurations/Arduino Zero (Programming Port).xcconfig"; sourceTree = "<group>"; };
		3A9106331F89D7D7002374CE /* Arduino M0 Pro (Programming Port).xcconfig */ = {isa = PBXFileReference; lastKnownFileType = text.xcconfig; name = "Arduino M0 Pro (Programming Port).xcconfig"; path = "Configurations/Arduino M0 Pro (Programming Port).xcconfig"; sourceTree = "<group>"; };
		3A9106341F89D7D7002374CE /* Arduino Tian (USB).xcconfig */ = {isa = PBXFileReference; lastKnownFileType = text.xcconfig; name = "Arduino Tian (USB).xcconfig"; path = "Configurations/Arduino Tian (USB).xcconfig"; sourceTree = "<group>"; };
		3A9106351F89D7D7002374CE /* ESP8266.xcconfig */ = {isa = PBXFileReference; lastKnownFileType = text.xcconfig; name = ESP8266.xcconfig; path = Configurations/ESP8266.xcconfig; sourceTree = "<group>"; };
		3A9106361F89D7D7002374CE /* NodeMCU 0.9 ESP-12.xcconfig */ = {isa = PBXFileReference; lastKnownFileType = text.xcconfig; name = "NodeMCU 0.9 ESP-12.xcconfig"; path = "Configurations/NodeMCU 0.9 ESP-12.xcconfig"; sourceTree = "<group>"; };
		3A9106371F89D7D7002374CE /* NodeMCU 1.0 ESP-12E.xcconfig */ = {isa = PBXFileReference; lastKnownFileType = text.xcconfig; name = "NodeMCU 1.0 ESP-12E.xcconfig"; path = "Configurations/NodeMCU 1.0 ESP-12E.xcconfig"; sourceTree = "<group>"; };
		3A9106381F89D7D7002374CE /* Experimeter Board MSP430FR5739.xcconfig */ = {isa = PBXFileReference; lastKnownFileType = text.xcconfig; name = "Experimeter Board MSP430FR5739.xcconfig"; path = "Configurations/Experimeter Board MSP430FR5739.xcconfig"; sourceTree = "<group>"; };
		3A9106391F89D7D7002374CE /* LaunchPad MSP432P401 EMT.xcconfig */ = {isa = PBXFileReference; lastKnownFileType = text.xcconfig; name = "LaunchPad MSP432P401 EMT.xcconfig"; path = "Configurations/LaunchPad MSP432P401 EMT.xcconfig"; sourceTree = "<group>"; };
		3A91063A1F89D7D7002374CE /* LaunchPad CC3200 WiFi.xcconfig */ = {isa = PBXFileReference; lastKnownFileType = text.xcconfig; name = "LaunchPad CC3200 WiFi.xcconfig"; path = "Configurations/LaunchPad CC3200 WiFi.xcconfig"; sourceTree = "<group>"; };
		3A91063B1F89D7D7002374CE /* LaunchPad CC3200 WiFi EMT.xcconfig */ = {isa = PBXFileReference; lastKnownFileType = text.xcconfig; name = "LaunchPad CC3200 WiFi EMT.xcconfig"; path = "Configurations/LaunchPad CC3200 WiFi EMT.xcconfig"; sourceTree = "<group>"; };
		3A91063C1F89D7D7002374CE /* LaunchPad LM4F120 Stellaris.xcconfig */ = {isa = PBXFileReference; lastKnownFileType = text.xcconfig; name = "LaunchPad LM4F120 Stellaris.xcconfig"; path = "Configurations/LaunchPad LM4F120 Stellaris.xcconfig"; sourceTree = "<group>"; };
		3A91063D1F89D7D7002374CE /* LaunchPad TM4C123 Tiva C.xcconfig */ = {isa = PBXFileReference; lastKnownFileType = text.xcconfig; name = "LaunchPad TM4C123 Tiva C.xcconfig"; path = "Configurations/LaunchPad TM4C123 Tiva C.xcconfig"; sourceTree = "<group>"; };
		3A91063E1F89D7D7002374CE /* LaunchPad TM4C129 Connected.xcconfig */ = {isa = PBXFileReference; lastKnownFileType = text.xcconfig; name = "LaunchPad TM4C129 Connected.xcconfig"; path = "Configurations/LaunchPad TM4C129 Connected.xcconfig"; sourceTree = "<group>"; };
		3A91063F1F89D7D7002374CE /* LaunchPad MSP430G2231.xcconfig */ = {isa = PBXFileReference; lastKnownFileType = text.xcconfig; name = "LaunchPad MSP430G2231.xcconfig"; path = "Configurations/LaunchPad MSP430G2231.xcconfig"; sourceTree = "<group>"; };
		3A9106401F89D7D7002374CE /* LaunchPad MSP430G2452.xcconfig */ = {isa = PBXFileReference; lastKnownFileType = text.xcconfig; name = "LaunchPad MSP430G2452.xcconfig"; path = "Configurations/LaunchPad MSP430G2452.xcconfig"; sourceTree = "<group>"; };
		3A9106411F89D7D7002374CE /* LaunchPad MSP430G2553.xcconfig */ = {isa = PBXFileReference; lastKnownFileType = text.xcconfig; name = "LaunchPad MSP430G2553.xcconfig"; path = "Configurations/LaunchPad MSP430G2553.xcconfig"; sourceTree = "<group>"; };
		3A9106421F89D7D7002374CE /* LaunchPad MSP430F5529.xcconfig */ = {isa = PBXFileReference; lastKnownFileType = text.xcconfig; name = "LaunchPad MSP430F5529.xcconfig"; path = "Configurations/LaunchPad MSP430F5529.xcconfig"; sourceTree = "<group>"; };
		3A9106431F89D7D7002374CE /* LaunchPad MSP430FR4133.xcconfig */ = {isa = PBXFileReference; lastKnownFileType = text.xcconfig; name = "LaunchPad MSP430FR4133.xcconfig"; path = "Configurations/LaunchPad MSP430FR4133.xcconfig"; sourceTree = "<group>"; };
		3A9106441F89D7D7002374CE /* LaunchPad MSP430FR5969.xcconfig */ = {isa = PBXFileReference; lastKnownFileType = text.xcconfig; name = "LaunchPad MSP430FR5969.xcconfig"; path = "Configurations/LaunchPad MSP430FR5969.xcconfig"; sourceTree = "<group>"; };
		3A9106451F89D7D7002374CE /* LaunchPad MSP430FR6989.xcconfig */ = {isa = PBXFileReference; lastKnownFileType = text.xcconfig; name = "LaunchPad MSP430FR6989.xcconfig"; path = "Configurations/LaunchPad MSP430FR6989.xcconfig"; sourceTree = "<group>"; };
		3A9106461F89D7D7002374CE /* Teensy 2.0.xcconfig */ = {isa = PBXFileReference; lastKnownFileType = text.xcconfig; name = "Teensy 2.0.xcconfig"; path = "Configurations/Teensy 2.0.xcconfig"; sourceTree = "<group>"; };
		3A9106471F89D7D7002374CE /* Teensy 3.0.xcconfig */ = {isa = PBXFileReference; lastKnownFileType = text.xcconfig; name = "Teensy 3.0.xcconfig"; path = "Configurations/Teensy 3.0.xcconfig"; sourceTree = "<group>"; };
		3A9106481F89D7D7002374CE /* Teensy 3.1.xcconfig */ = {isa = PBXFileReference; lastKnownFileType = text.xcconfig; name = "Teensy 3.1.xcconfig"; path = "Configurations/Teensy 3.1.xcconfig"; sourceTree = "<group>"; };
		3A9106491F89D7D7002374CE /* Teensy 3.2.xcconfig */ = {isa = PBXFileReference; lastKnownFileType = text.xcconfig; name = "Teensy 3.2.xcconfig"; path = "Configurations/Teensy 3.2.xcconfig"; sourceTree = "<group>"; };
		3A91064A1F89D7D7002374CE /* Teensy 3.5.xcconfig */ = {isa = PBXFileReference; lastKnownFileType = text.xcconfig; name = "Teensy 3.5.xcconfig"; path = "Configurations/Teensy 3.5.xcconfig"; sourceTree = "<group>"; };
		3A91064B1F89D7D7002374CE /* Teensy 3.6.xcconfig */ = {isa = PBXFileReference; lastKnownFileType = text.xcconfig; name = "Teensy 3.6.xcconfig"; path = "Configurations/Teensy 3.6.xcconfig"; sourceTree = "<group>"; };
		3A91064C1F89D7D7002374CE /* Teensy LC.xcconfig */ = {isa = PBXFileReference; lastKnownFileType = text.xcconfig; name = "Teensy LC.xcconfig"; path = "Configurations/Teensy LC.xcconfig"; sourceTree = "<group>"; };
		3A91064E1F89D7D7002374CE /* ArduinoAVR_180.mk */ = {isa = PBXFileReference; lastKnownFileType = text; name = ArduinoAVR_180.mk; path = Makefiles/ArduinoAVR_180.mk; sourceTree = "<group>"; };
		3A91064F1F89D7D7002374CE /* ArduinoAVR_181.mk */ = {isa = PBXFileReference; lastKnownFileType = text; name = ArduinoAVR_181.mk; path = Makefiles/ArduinoAVR_181.mk; sourceTree = "<group>"; };
		3A9106501F89D7D7002374CE /* ArduinoSAM_180.mk */ = {isa = PBXFileReference; lastKnownFileType = text; name = ArduinoSAM_180.mk; path = Makefiles/ArduinoSAM_180.mk; sourceTree = "<group>"; };
		3A9106511F89D7D7002374CE /* ArduinoSAMD_180.mk */ = {isa = PBXFileReference; lastKnownFileType = text; name = ArduinoSAMD_180.mk; path = Makefiles/ArduinoSAMD_180.mk; sourceTree = "<group>"; };
		3A9106521F89D7D7002374CE /* EnergiaMSP430_18.mk */ = {isa = PBXFileReference; lastKnownFileType = text; name = EnergiaMSP430_18.mk; path = Makefiles/EnergiaMSP430_18.mk; sourceTree = "<group>"; };
		3A9106531F89D7D8002374CE /* EnergiaMSP430_19.mk */ = {isa = PBXFileReference; lastKnownFileType = text; name = EnergiaMSP430_19.mk; path = Makefiles/EnergiaMSP430_19.mk; sourceTree = "<group>"; };
		3A9106541F89D7D8002374CE /* EnergiaMSP432EMT_18.mk */ = {isa = PBXFileReference; lastKnownFileType = text; name = EnergiaMSP432EMT_18.mk; path = Makefiles/EnergiaMSP432EMT_18.mk; sourceTree = "<group>"; };
		3A9106551F89D7D8002374CE /* EnergiaTIVAC_18.mk */ = {isa = PBXFileReference; lastKnownFileType = text; name = EnergiaTIVAC_18.mk; path = Makefiles/EnergiaTIVAC_18.mk; sourceTree = "<group>"; };
		3A9106561F89D7D8002374CE /* EnergiaCC3200_18.mk */ = {isa = PBXFileReference; lastKnownFileType = text; name = EnergiaCC3200_18.mk; path = Makefiles/EnergiaCC3200_18.mk; sourceTree = "<group>"; };
		3A9106571F89D7D8002374CE /* EnergiaCC3200EMT_18.mk */ = {isa = PBXFileReference; lastKnownFileType = text; name = EnergiaCC3200EMT_18.mk; path = Makefiles/EnergiaCC3200EMT_18.mk; sourceTree = "<group>"; };
		3A9106581F89D7D8002374CE /* ESP8266_180.mk */ = {isa = PBXFileReference; lastKnownFileType = text; name = ESP8266_180.mk; path = Makefiles/ESP8266_180.mk; sourceTree = "<group>"; };
		3A9106591F89D7D8002374CE /* Teensy.mk */ = {isa = PBXFileReference; lastKnownFileType = text; name = Teensy.mk; path = Makefiles/Teensy.mk; sourceTree = "<group>"; };
		3A91065A1F89D7D8002374CE /* Teensy2.mk */ = {isa = PBXFileReference; lastKnownFileType = text; name = Teensy2.mk; path = Makefiles/Teensy2.mk; sourceTree = "<group>"; };
		3A91065B1F89D7D8002374CE /* Teensy3.mk */ = {isa = PBXFileReference; lastKnownFileType = text; name = Teensy3.mk; path = Makefiles/Teensy3.mk; sourceTree = "<group>"; };
		3A91065C1F89D7D8002374CE /* About.mk */ = {isa = PBXFileReference; lastKnownFileType = text; name = About.mk; path = Makefiles/About.mk; sourceTree = "<group>"; };
		3A91065D1F89D7D8002374CE /* Step1.mk */ = {isa = PBXFileReference; lastKnownFileType = text; name = Step1.mk; path = Makefiles/Step1.mk; sourceTree = "<group>"; };
		3A91065E1F89D7D8002374CE /* Step2.mk */ = {isa = PBXFileReference; lastKnownFileType = text; name = Step2.mk; path = Makefiles/Step2.mk; sourceTree = "<group>"; };
		3A91065F1F89D7D8002374CE /* Avrdude.mk */ = {isa = PBXFileReference; lastKnownFileType = text; name = Avrdude.mk; path = Makefiles/Avrdude.mk; sourceTree = "<group>"; };
		3A9106611F89D7D8002374CE /* reset_1200.py */ = {isa = PBXFileReference; lastKnownFileType = text.script.python; name = reset_1200.py; path = Utilities/reset_1200.py; sourceTree = "<group>"; };
		3A9106621F89D7D8002374CE /* embedXcode_prepare */ = {isa = PBXFileReference; lastKnownFileType = "compiled.mach-o.executable"; name = embedXcode_prepare; path = Utilities/embedXcode_prepare; sourceTree = "<group>"; };
		3A9106631F89D7D8002374CE /* embedXcode_check */ = {isa = PBXFileReference; lastKnownFileType = "compiled.mach-o.executable"; name = embedXcode_check; path = Utilities/embedXcode_check; sourceTree = "<group>"; };
		3A9106641F89D7D8002374CE /* embedXcode_chrono */ = {isa = PBXFileReference; lastKnownFileType = "compiled.mach-o.executable"; name = embedXcode_chrono; path = Utilities/embedXcode_chrono; sourceTree = "<group>"; };
		3A9106651F89D7D8002374CE /* TemplateIcon.icns */ = {isa = PBXFileReference; lastKnownFileType = image.icns; name = TemplateIcon.icns; path = Utilities/TemplateIcon.icns; sourceTree = "<group>"; };
		3A9106661F89D7D8002374CE /* TeensyTest.ino */ = {isa = PBXFileReference; lastKnownFileType = text; path = TeensyTest.ino; sourceTree = "<group>"; };
/* End PBXFileReference section */

/* Begin PBXGroup section */
		3A91060C1F89D7D6002374CE = {
			isa = PBXGroup;
			children = (
				3A91061A1F89D7D7002374CE /* TeensyTest */,
				3A9106191F89D7D7002374CE /* Products */,
			);
			sourceTree = "<group>";
		};
		3A9106191F89D7D7002374CE /* Products */ = {
			isa = PBXGroup;
			children = (
				3A9106181F89D7D7002374CE /* Index */,
			);
			name = Products;
			sourceTree = "<group>";
		};
		3A91061A1F89D7D7002374CE /* TeensyTest */ = {
			isa = PBXGroup;
			children = (
				3A91061B1F89D7D7002374CE /* main.cpp */,
				3A91061D1F89D7D7002374CE /* Makefile */,
				3A91061F1F89D7D7002374CE /* ReadMe.txt */,
				3A9106661F89D7D8002374CE /* TeensyTest.ino */,
				3A9106201F89D7D7002374CE /* Sketchbook */,
				3A9106221F89D7D7002374CE /* Configurations */,
				3A91064D1F89D7D7002374CE /* Makefiles */,
				3A9106601F89D7D8002374CE /* Utilities */,
			);
			path = TeensyTest;
			sourceTree = "<group>";
		};
		3A9106201F89D7D7002374CE /* Sketchbook */ = {
			isa = PBXGroup;
			children = (
				3A9106211F89D7D7002374CE /* Sketchbook.txt */,
			);
			name = Sketchbook;
			sourceTree = "<group>";
		};
		3A9106221F89D7D7002374CE /* Configurations */ = {
			isa = PBXGroup;
			children = (
				3A9106231F89D7D7002374CE /* Arduino Due (Programming Port).xcconfig */,
				3A9106241F89D7D7002374CE /* Arduino Duemilanove.xcconfig */,
				3A9106251F89D7D7002374CE /* Arduino Leonardo.xcconfig */,
				3A9106261F89D7D7002374CE /* Arduino Mega 2560.xcconfig */,
				3A9106271F89D7D7002374CE /* Arduino Micro.xcconfig */,
				3A9106281F89D7D7002374CE /* Arduino Pro ATmega328-3.3V.xcconfig */,
				3A9106291F89D7D7002374CE /* Arduino Pro ATmega328-5V.xcconfig */,
				3A91062A1F89D7D7002374CE /* Arduino Mini ATmega168.xcconfig */,
				3A91062B1F89D7D7002374CE /* Arduino Mini ATmega328.xcconfig */,
				3A91062C1F89D7D7002374CE /* Arduino Nano ATmega168.xcconfig */,
				3A91062D1F89D7D7002374CE /* Arduino Nano ATmega328.xcconfig */,
				3A91062E1F89D7D7002374CE /* Arduino Robot Control.xcconfig */,
				3A91062F1F89D7D7002374CE /* Arduino Robot Motor.xcconfig */,
				3A9106301F89D7D7002374CE /* Arduino Uno.xcconfig */,
				3A9106311F89D7D7002374CE /* Arduino Yun (USB).xcconfig */,
				3A9106321F89D7D7002374CE /* Arduino Zero (Programming Port).xcconfig */,
				3A9106331F89D7D7002374CE /* Arduino M0 Pro (Programming Port).xcconfig */,
				3A9106341F89D7D7002374CE /* Arduino Tian (USB).xcconfig */,
				3A9106351F89D7D7002374CE /* ESP8266.xcconfig */,
				3A9106361F89D7D7002374CE /* NodeMCU 0.9 ESP-12.xcconfig */,
				3A9106371F89D7D7002374CE /* NodeMCU 1.0 ESP-12E.xcconfig */,
				3A9106381F89D7D7002374CE /* Experimeter Board MSP430FR5739.xcconfig */,
				3A9106391F89D7D7002374CE /* LaunchPad MSP432P401 EMT.xcconfig */,
				3A91063A1F89D7D7002374CE /* LaunchPad CC3200 WiFi.xcconfig */,
				3A91063B1F89D7D7002374CE /* LaunchPad CC3200 WiFi EMT.xcconfig */,
				3A91063C1F89D7D7002374CE /* LaunchPad LM4F120 Stellaris.xcconfig */,
				3A91063D1F89D7D7002374CE /* LaunchPad TM4C123 Tiva C.xcconfig */,
				3A91063E1F89D7D7002374CE /* LaunchPad TM4C129 Connected.xcconfig */,
				3A91063F1F89D7D7002374CE /* LaunchPad MSP430G2231.xcconfig */,
				3A9106401F89D7D7002374CE /* LaunchPad MSP430G2452.xcconfig */,
				3A9106411F89D7D7002374CE /* LaunchPad MSP430G2553.xcconfig */,
				3A9106421F89D7D7002374CE /* LaunchPad MSP430F5529.xcconfig */,
				3A9106431F89D7D7002374CE /* LaunchPad MSP430FR4133.xcconfig */,
				3A9106441F89D7D7002374CE /* LaunchPad MSP430FR5969.xcconfig */,
				3A9106451F89D7D7002374CE /* LaunchPad MSP430FR6989.xcconfig */,
				3A9106461F89D7D7002374CE /* Teensy 2.0.xcconfig */,
				3A9106471F89D7D7002374CE /* Teensy 3.0.xcconfig */,
				3A9106481F89D7D7002374CE /* Teensy 3.1.xcconfig */,
				3A9106491F89D7D7002374CE /* Teensy 3.2.xcconfig */,
				3A91064A1F89D7D7002374CE /* Teensy 3.5.xcconfig */,
				3A91064B1F89D7D7002374CE /* Teensy 3.6.xcconfig */,
				3A91064C1F89D7D7002374CE /* Teensy LC.xcconfig */,
			);
			name = Configurations;
			sourceTree = "<group>";
		};
		3A91064D1F89D7D7002374CE /* Makefiles */ = {
			isa = PBXGroup;
			children = (
				3A91064E1F89D7D7002374CE /* ArduinoAVR_180.mk */,
				3A91064F1F89D7D7002374CE /* ArduinoAVR_181.mk */,
				3A9106501F89D7D7002374CE /* ArduinoSAM_180.mk */,
				3A9106511F89D7D7002374CE /* ArduinoSAMD_180.mk */,
				3A9106521F89D7D7002374CE /* EnergiaMSP430_18.mk */,
				3A9106531F89D7D8002374CE /* EnergiaMSP430_19.mk */,
				3A9106541F89D7D8002374CE /* EnergiaMSP432EMT_18.mk */,
				3A9106551F89D7D8002374CE /* EnergiaTIVAC_18.mk */,
				3A9106561F89D7D8002374CE /* EnergiaCC3200_18.mk */,
				3A9106571F89D7D8002374CE /* EnergiaCC3200EMT_18.mk */,
				3A9106581F89D7D8002374CE /* ESP8266_180.mk */,
				3A9106591F89D7D8002374CE /* Teensy.mk */,
				3A91065A1F89D7D8002374CE /* Teensy2.mk */,
				3A91065B1F89D7D8002374CE /* Teensy3.mk */,
				3A91065C1F89D7D8002374CE /* About.mk */,
				3A91065D1F89D7D8002374CE /* Step1.mk */,
				3A91065E1F89D7D8002374CE /* Step2.mk */,
				3A91065F1F89D7D8002374CE /* Avrdude.mk */,
			);
			name = Makefiles;
			sourceTree = "<group>";
		};
		3A9106601F89D7D8002374CE /* Utilities */ = {
			isa = PBXGroup;
			children = (
				3A9106611F89D7D8002374CE /* reset_1200.py */,
				3A9106621F89D7D8002374CE /* embedXcode_prepare */,
				3A9106631F89D7D8002374CE /* embedXcode_check */,
				3A9106641F89D7D8002374CE /* embedXcode_chrono */,
				3A9106651F89D7D8002374CE /* TemplateIcon.icns */,
			);
			name = Utilities;
			sourceTree = "<group>";
		};
/* End PBXGroup section */

/* Begin PBXLegacyTarget section */
		3A9106111F89D7D6002374CE /* Build */ = {
			isa = PBXLegacyTarget;
			buildArgumentsString = "build -C \"$(PROJECT)\"";
			buildConfigurationList = 3A9106691F89D7D8002374CE /* Build configuration list for PBXLegacyTarget "Build" */;
			buildPhases = (
			);
			buildToolPath = make;
			dependencies = (
			);
			name = Build;
			passBuildSettingsInEnvironment = 1;
			productName = Build;
		};
		3A9106121F89D7D6002374CE /* All */ = {
			isa = PBXLegacyTarget;
			buildArgumentsString = "all -C \"$(PROJECT)\"";
			buildConfigurationList = 3A91066C1F89D7D8002374CE /* Build configuration list for PBXLegacyTarget "All" */;
			buildPhases = (
			);
			buildToolPath = make;
			dependencies = (
			);
			name = All;
			passBuildSettingsInEnvironment = 1;
			productName = All;
		};
		3A9106131F89D7D6002374CE /* Boards */ = {
			isa = PBXLegacyTarget;
			buildArgumentsString = "boards -C \"$(PROJECT)\"";
			buildConfigurationList = 3A91066F1F89D7D8002374CE /* Build configuration list for PBXLegacyTarget "Boards" */;
			buildPhases = (
			);
			buildToolPath = make;
			dependencies = (
			);
			name = Boards;
			passBuildSettingsInEnvironment = 1;
			productName = Boards;
		};
		3A9106141F89D7D6002374CE /* Serial */ = {
			isa = PBXLegacyTarget;
			buildArgumentsString = "serial -C \"$(PROJECT)\"";
			buildConfigurationList = 3A9106721F89D7D8002374CE /* Build configuration list for PBXLegacyTarget "Serial" */;
			buildPhases = (
			);
			buildToolPath = make;
			dependencies = (
			);
			name = Serial;
			passBuildSettingsInEnvironment = 1;
			productName = Serial;
		};
		3A9106151F89D7D6002374CE /* Upload */ = {
			isa = PBXLegacyTarget;
			buildArgumentsString = "upload -C \"$(PROJECT)\"";
			buildConfigurationList = 3A9106751F89D7D8002374CE /* Build configuration list for PBXLegacyTarget "Upload" */;
			buildPhases = (
			);
			buildToolPath = make;
			dependencies = (
			);
			name = Upload;
			passBuildSettingsInEnvironment = 1;
			productName = Upload;
		};
/* End PBXLegacyTarget section */

/* Begin PBXNativeTarget section */
		3A9106171F89D7D6002374CE /* Index */ = {
			isa = PBXNativeTarget;
			buildConfigurationList = 3A9106781F89D7D8002374CE /* Build configuration list for PBXNativeTarget "Index" */;
			buildPhases = (
				3A9106161F89D7D6002374CE /* Sources */,
			);
			buildRules = (
			);
			dependencies = (
			);
			name = Index;
			productName = Index;
			productReference = 3A9106181F89D7D7002374CE /* Index */;
			productType = "com.apple.product-type.tool";
		};
/* End PBXNativeTarget section */

/* Begin PBXProject section */
		3A91060D1F89D7D6002374CE /* Project object */ = {
			isa = PBXProject;
			attributes = {
				LastUpgradeCheck = 0810;
				ORGANIZATIONNAME = "William Lies";
				TargetAttributes = {
					3A9106111F89D7D6002374CE = {
						CreatedOnToolsVersion = 8.1;
						ProvisioningStyle = Automatic;
					};
					3A9106121F89D7D6002374CE = {
						CreatedOnToolsVersion = 8.1;
						ProvisioningStyle = Automatic;
					};
					3A9106131F89D7D6002374CE = {
						CreatedOnToolsVersion = 8.1;
						ProvisioningStyle = Automatic;
					};
					3A9106141F89D7D6002374CE = {
						CreatedOnToolsVersion = 8.1;
						ProvisioningStyle = Automatic;
					};
					3A9106151F89D7D6002374CE = {
						CreatedOnToolsVersion = 8.1;
						ProvisioningStyle = Automatic;
					};
					3A9106171F89D7D6002374CE = {
						CreatedOnToolsVersion = 8.1;
						ProvisioningStyle = Automatic;
					};
				};
			};
			buildConfigurationList = 3A9106101F89D7D6002374CE /* Build configuration list for PBXProject "TeensyTest" */;
			compatibilityVersion = "Xcode 3.2";
			developmentRegion = English;
			hasScannedForEncodings = 0;
			knownRegions = (
				en,
			);
			mainGroup = 3A91060C1F89D7D6002374CE;
			productRefGroup = 3A9106191F89D7D7002374CE /* Products */;
			projectDirPath = "";
			projectRoot = "";
			targets = (
				3A9106111F89D7D6002374CE /* Build */,
				3A9106121F89D7D6002374CE /* All */,
				3A9106131F89D7D6002374CE /* Boards */,
				3A9106141F89D7D6002374CE /* Serial */,
				3A9106151F89D7D6002374CE /* Upload */,
				3A9106171F89D7D6002374CE /* Index */,
			);
		};
/* End PBXProject section */

/* Begin PBXSourcesBuildPhase section */
		3A9106161F89D7D6002374CE /* Sources */ = {
			isa = PBXSourcesBuildPhase;
			buildActionMask = 2147483647;
			files = (
				3A91061E1F89D7D7002374CE /* Makefile in Sources */,
				3A91061C1F89D7D7002374CE /* main.cpp in Sources */,
			);
			runOnlyForDeploymentPostprocessing = 0;
		};
/* End PBXSourcesBuildPhase section */

/* Begin XCBuildConfiguration section */
		3A9106671F89D7D8002374CE /* Debug */ = {
			isa = XCBuildConfiguration;
			baseConfigurationReference = 3A91064C1F89D7D7002374CE /* Teensy LC.xcconfig */;
			buildSettings = {
				ALWAYS_SEARCH_USER_PATHS = NO;
				CLANG_ANALYZER_NONNULL = YES;
				CLANG_CXX_LANGUAGE_STANDARD = "gnu++0x";
				CLANG_CXX_LIBRARY = "libc++";
				CLANG_ENABLE_MODULES = YES;
				CLANG_ENABLE_OBJC_ARC = YES;
				CLANG_WARN_BOOL_CONVERSION = YES;
				CLANG_WARN_CONSTANT_CONVERSION = YES;
				CLANG_WARN_DIRECT_OBJC_ISA_USAGE = YES_ERROR;
				CLANG_WARN_DOCUMENTATION_COMMENTS = YES;
				CLANG_WARN_EMPTY_BODY = YES;
				CLANG_WARN_ENUM_CONVERSION = YES;
				CLANG_WARN_INFINITE_RECURSION = YES;
				CLANG_WARN_INT_CONVERSION = YES;
				CLANG_WARN_OBJC_ROOT_CLASS = YES_ERROR;
				CLANG_WARN_SUSPICIOUS_MOVES = YES;
				CLANG_WARN_UNREACHABLE_CODE = YES;
				CLANG_WARN__DUPLICATE_METHOD_MATCH = YES;
				COPY_PHASE_STRIP = NO;
				DEBUG_INFORMATION_FORMAT = dwarf;
				ENABLE_STRICT_OBJC_MSGSEND = YES;
				ENABLE_TESTABILITY = YES;
				GCC_C_LANGUAGE_STANDARD = gnu99;
				GCC_DYNAMIC_NO_PIC = NO;
				GCC_NO_COMMON_BLOCKS = YES;
				GCC_OPTIMIZATION_LEVEL = 0;
				GCC_PREPROCESSOR_DEFINITIONS = (
					"DEBUG=1",
					"$(inherited)",
				);
				GCC_WARN_64_TO_32_BIT_CONVERSION = YES;
				GCC_WARN_ABOUT_RETURN_TYPE = YES_ERROR;
				GCC_WARN_UNDECLARED_SELECTOR = YES;
				GCC_WARN_UNINITIALIZED_AUTOS = YES_AGGRESSIVE;
				GCC_WARN_UNUSED_FUNCTION = YES;
				GCC_WARN_UNUSED_VARIABLE = YES;
				HEADER_SEARCH_PATHS = "$(inherited)";
				MTL_ENABLE_DEBUG_INFO = YES;
				ONLY_ACTIVE_ARCH = YES;
				PATH = "$(PATH):$(PROJECT_DIR)";
				PRODUCT_NAME = "$(TARGET_NAME)";
				SKETCHBOOK_DIR = "";
				UPDATE_POLICY = 0;
			};
			name = Debug;
		};
		3A9106681F89D7D8002374CE /* Release */ = {
			isa = XCBuildConfiguration;
			buildSettings = {
				ALWAYS_SEARCH_USER_PATHS = NO;
				CLANG_ANALYZER_NONNULL = YES;
				CLANG_CXX_LANGUAGE_STANDARD = "gnu++0x";
				CLANG_CXX_LIBRARY = "libc++";
				CLANG_ENABLE_MODULES = YES;
				CLANG_ENABLE_OBJC_ARC = YES;
				CLANG_WARN_BOOL_CONVERSION = YES;
				CLANG_WARN_CONSTANT_CONVERSION = YES;
				CLANG_WARN_DIRECT_OBJC_ISA_USAGE = YES_ERROR;
				CLANG_WARN_DOCUMENTATION_COMMENTS = YES;
				CLANG_WARN_EMPTY_BODY = YES;
				CLANG_WARN_ENUM_CONVERSION = YES;
				CLANG_WARN_INFINITE_RECURSION = YES;
				CLANG_WARN_INT_CONVERSION = YES;
				CLANG_WARN_OBJC_ROOT_CLASS = YES_ERROR;
				CLANG_WARN_SUSPICIOUS_MOVES = YES;
				CLANG_WARN_UNREACHABLE_CODE = YES;
				CLANG_WARN__DUPLICATE_METHOD_MATCH = YES;
				COPY_PHASE_STRIP = NO;
				DEBUG_INFORMATION_FORMAT = "dwarf-with-dsym";
				ENABLE_NS_ASSERTIONS = NO;
				ENABLE_STRICT_OBJC_MSGSEND = YES;
				GCC_C_LANGUAGE_STANDARD = gnu99;
				GCC_NO_COMMON_BLOCKS = YES;
				GCC_WARN_64_TO_32_BIT_CONVERSION = YES;
				GCC_WARN_ABOUT_RETURN_TYPE = YES_ERROR;
				GCC_WARN_UNDECLARED_SELECTOR = YES;
				GCC_WARN_UNINITIALIZED_AUTOS = YES_AGGRESSIVE;
				GCC_WARN_UNUSED_FUNCTION = YES;
				GCC_WARN_UNUSED_VARIABLE = YES;
				HEADER_SEARCH_PATHS = "$(inherited)";
				MTL_ENABLE_DEBUG_INFO = NO;
				PATH = "$(PATH):$(PROJECT_DIR)";
				PRODUCT_NAME = "$(TARGET_NAME)";
				SKETCHBOOK_DIR = "";
				UPDATE_POLICY = 0;
			};
			name = Release;
		};
		3A91066A1F89D7D8002374CE /* Debug */ = {
			isa = XCBuildConfiguration;
			buildSettings = {
				PRODUCT_NAME = "$(TARGET_NAME)";
			};
			name = Debug;
		};
		3A91066B1F89D7D8002374CE /* Release */ = {
			isa = XCBuildConfiguration;
			buildSettings = {
				PRODUCT_NAME = "$(TARGET_NAME)";
			};
			name = Release;
		};
		3A91066D1F89D7D8002374CE /* Debug */ = {
			isa = XCBuildConfiguration;
			buildSettings = {
			};
			name = Debug;
		};
		3A91066E1F89D7D8002374CE /* Release */ = {
			isa = XCBuildConfiguration;
			buildSettings = {
			};
			name = Release;
		};
		3A9106701F89D7D8002374CE /* Debug */ = {
			isa = XCBuildConfiguration;
			buildSettings = {
			};
			name = Debug;
		};
		3A9106711F89D7D8002374CE /* Release */ = {
			isa = XCBuildConfiguration;
			buildSettings = {
			};
			name = Release;
		};
		3A9106731F89D7D8002374CE /* Debug */ = {
			isa = XCBuildConfiguration;
			buildSettings = {
			};
			name = Debug;
		};
		3A9106741F89D7D8002374CE /* Release */ = {
			isa = XCBuildConfiguration;
			buildSettings = {
			};
			name = Release;
		};
		3A9106761F89D7D8002374CE /* Debug */ = {
			isa = XCBuildConfiguration;
			buildSettings = {
			};
			name = Debug;
		};
		3A9106771F89D7D8002374CE /* Release */ = {
			isa = XCBuildConfiguration;
			buildSettings = {
			};
			name = Release;
		};
		3A9106791F89D7D8002374CE /* Debug */ = {
			isa = XCBuildConfiguration;
			buildSettings = {
			};
			name = Debug;
		};
		3A91067A1F89D7D8002374CE /* Release */ = {
			isa = XCBuildConfiguration;
			buildSettings = {
			};
			name = Release;
		};
/* End XCBuildConfiguration section */

/* Begin XCConfigurationList section */
		3A9106101F89D7D6002374CE /* Build configuration list for PBXProject "TeensyTest" */ = {
			isa = XCConfigurationList;
			buildConfigurations = (
				3A9106671F89D7D8002374CE /* Debug */,
				3A9106681F89D7D8002374CE /* Release */,
			);
			defaultConfigurationIsVisible = 0;
			defaultConfigurationName = Release;
		};
		3A9106691F89D7D8002374CE /* Build configuration list for PBXLegacyTarget "Build" */ = {
			isa = XCConfigurationList;
			buildConfigurations = (
				3A91066A1F89D7D8002374CE /* Debug */,
				3A91066B1F89D7D8002374CE /* Release */,
			);
			defaultConfigurationIsVisible = 0;
		};
		3A91066C1F89D7D8002374CE /* Build configuration list for PBXLegacyTarget "All" */ = {
			isa = XCConfigurationList;
			buildConfigurations = (
				3A91066D1F89D7D8002374CE /* Debug */,
				3A91066E1F89D7D8002374CE /* Release */,
			);
			defaultConfigurationIsVisible = 0;
		};
		3A91066F1F89D7D8002374CE /* Build configuration list for PBXLegacyTarget "Boards" */ = {
			isa = XCConfigurationList;
			buildConfigurations = (
				3A9106701F89D7D8002374CE /* Debug */,
				3A9106711F89D7D8002374CE /* Release */,
			);
			defaultConfigurationIsVisible = 0;
		};
		3A9106721F89D7D8002374CE /* Build configuration list for PBXLegacyTarget "Serial" */ = {
			isa = XCConfigurationList;
			buildConfigurations = (
				3A9106731F89D7D8002374CE /* Debug */,
				3A9106741F89D7D8002374CE /* Release */,
			);
			defaultConfigurationIsVisible = 0;
		};
		3A9106751F89D7D8002374CE /* Build configuration list for PBXLegacyTarget "Upload" */ = {
			isa = XCConfigurationList;
			buildConfigurations = (
				3A9106761F89D7D8002374CE /* Debug */,
				3A9106771F89D7D8002374CE /* Release */,
			);
			defaultConfigurationIsVisible = 0;
		};
		3A9106781F89D7D8002374CE /* Build configuration list for PBXNativeTarget "Index" */ = {
			isa = XCConfigurationList;
			buildConfigurations = (
				3A9106791F89D7D8002374CE /* Debug */,
				3A91067A1F89D7D8002374CE /* Release */,
			);
			defaultConfigurationIsVisible = 0;
		};
/* End XCConfigurationList section */
	};
	rootObject = 3A91060D1F89D7D6002374CE /* Project object */;
}
